// !$*UTF8*$!
{
	archiveVersion = 1;
	classes = {
	};
	objectVersion = 46;
	objects = {

/* Begin PBXBuildFile section */
		607A65A11C7577EF00D1B754 /* AppDelegate.swift in Sources */ = {isa = PBXBuildFile; fileRef = 607A65A01C7577EF00D1B754 /* AppDelegate.swift */; };
		607A65A61C7577EF00D1B754 /* Main.storyboard in Resources */ = {isa = PBXBuildFile; fileRef = 607A65A41C7577EF00D1B754 /* Main.storyboard */; };
		607A65A81C7577EF00D1B754 /* Assets.xcassets in Resources */ = {isa = PBXBuildFile; fileRef = 607A65A71C7577EF00D1B754 /* Assets.xcassets */; };
		607A65AB1C7577EF00D1B754 /* LaunchScreen.storyboard in Resources */ = {isa = PBXBuildFile; fileRef = 607A65A91C7577EF00D1B754 /* LaunchScreen.storyboard */; };
		607A65B31C757F5000D1B754 /* NavigationController.swift in Sources */ = {isa = PBXBuildFile; fileRef = 607A65B21C757F5000D1B754 /* NavigationController.swift */; };
		607A65B61C757FC200D1B754 /* MainViewController.swift in Sources */ = {isa = PBXBuildFile; fileRef = 607A65B51C757FC200D1B754 /* MainViewController.swift */; };
		607A65B81C7580B000D1B754 /* EventsViewController.swift in Sources */ = {isa = PBXBuildFile; fileRef = 607A65B71C7580B000D1B754 /* EventsViewController.swift */; };
		607A65BA1C75824300D1B754 /* EventCell.swift in Sources */ = {isa = PBXBuildFile; fileRef = 607A65B91C75824300D1B754 /* EventCell.swift */; };
		607A65BD1C75867400D1B754 /* Requests.swift in Sources */ = {isa = PBXBuildFile; fileRef = 607A65BC1C75867400D1B754 /* Requests.swift */; };
		607A65BF1C75880A00D1B754 /* Logging.swift in Sources */ = {isa = PBXBuildFile; fileRef = 607A65BE1C75880A00D1B754 /* Logging.swift */; };
		607A65C11C7596C400D1B754 /* Endpoints.swift in Sources */ = {isa = PBXBuildFile; fileRef = 607A65C01C7596C400D1B754 /* Endpoints.swift */; };
		607A65C41C75A94200D1B754 /* Event.swift in Sources */ = {isa = PBXBuildFile; fileRef = 607A65C31C75A94200D1B754 /* Event.swift */; };
		607A65C61C75BFA700D1B754 /* EventViewController.swift in Sources */ = {isa = PBXBuildFile; fileRef = 607A65C51C75BFA700D1B754 /* EventViewController.swift */; };
		607A65C81C78180700D1B754 /* Error.swift in Sources */ = {isa = PBXBuildFile; fileRef = 607A65C71C78180700D1B754 /* Error.swift */; };
		607A65CA1C781C0F00D1B754 /* Colors.swift in Sources */ = {isa = PBXBuildFile; fileRef = 607A65C91C781C0F00D1B754 /* Colors.swift */; };
		607A65CC1C783C9800D1B754 /* Politician.swift in Sources */ = {isa = PBXBuildFile; fileRef = 607A65CB1C783C9800D1B754 /* Politician.swift */; };
		607A65CE1C78403600D1B754 /* NSDate+Extensions.swift in Sources */ = {isa = PBXBuildFile; fileRef = 607A65CD1C78403600D1B754 /* NSDate+Extensions.swift */; };
		607A65DB1C7D6F5100D1B754 /* MarkdownParser.swift in Sources */ = {isa = PBXBuildFile; fileRef = 607A65DA1C7D6F5100D1B754 /* MarkdownParser.swift */; };
		790E0482251E502E99200BD3 /* Pods_Tally.framework in Frameworks */ = {isa = PBXBuildFile; fileRef = 50ACE4E9031FC990560B24EE /* Pods_Tally.framework */; };
/* End PBXBuildFile section */

/* Begin PBXFileReference section */
		18A49E0FBD72629063FB3632 /* Pods-Tally.release.xcconfig */ = {isa = PBXFileReference; includeInIndex = 1; lastKnownFileType = text.xcconfig; name = "Pods-Tally.release.xcconfig"; path = "Pods/Target Support Files/Pods-Tally/Pods-Tally.release.xcconfig"; sourceTree = "<group>"; };
		50ACE4E9031FC990560B24EE /* Pods_Tally.framework */ = {isa = PBXFileReference; explicitFileType = wrapper.framework; includeInIndex = 0; path = Pods_Tally.framework; sourceTree = BUILT_PRODUCTS_DIR; };
		538D1DE3D3CD52C12BF0BCA5 /* Pods-Tally.debug.xcconfig */ = {isa = PBXFileReference; includeInIndex = 1; lastKnownFileType = text.xcconfig; name = "Pods-Tally.debug.xcconfig"; path = "Pods/Target Support Files/Pods-Tally/Pods-Tally.debug.xcconfig"; sourceTree = "<group>"; };
		607A659D1C7577EF00D1B754 /* Tally.app */ = {isa = PBXFileReference; explicitFileType = wrapper.application; includeInIndex = 0; path = Tally.app; sourceTree = BUILT_PRODUCTS_DIR; };
		607A65A01C7577EF00D1B754 /* AppDelegate.swift */ = {isa = PBXFileReference; lastKnownFileType = sourcecode.swift; path = AppDelegate.swift; sourceTree = "<group>"; };
		607A65A51C7577EF00D1B754 /* Base */ = {isa = PBXFileReference; lastKnownFileType = file.storyboard; name = Base; path = Base.lproj/Main.storyboard; sourceTree = "<group>"; };
		607A65A71C7577EF00D1B754 /* Assets.xcassets */ = {isa = PBXFileReference; lastKnownFileType = folder.assetcatalog; path = Assets.xcassets; sourceTree = "<group>"; };
		607A65AA1C7577EF00D1B754 /* Base */ = {isa = PBXFileReference; lastKnownFileType = file.storyboard; name = Base; path = Base.lproj/LaunchScreen.storyboard; sourceTree = "<group>"; };
		607A65AC1C7577EF00D1B754 /* Info.plist */ = {isa = PBXFileReference; lastKnownFileType = text.plist.xml; path = Info.plist; sourceTree = "<group>"; };
		607A65B21C757F5000D1B754 /* NavigationController.swift */ = {isa = PBXFileReference; fileEncoding = 4; lastKnownFileType = sourcecode.swift; path = NavigationController.swift; sourceTree = "<group>"; };
		607A65B51C757FC200D1B754 /* MainViewController.swift */ = {isa = PBXFileReference; fileEncoding = 4; lastKnownFileType = sourcecode.swift; path = MainViewController.swift; sourceTree = "<group>"; };
		607A65B71C7580B000D1B754 /* EventsViewController.swift */ = {isa = PBXFileReference; fileEncoding = 4; lastKnownFileType = sourcecode.swift; path = EventsViewController.swift; sourceTree = "<group>"; };
		607A65B91C75824300D1B754 /* EventCell.swift */ = {isa = PBXFileReference; fileEncoding = 4; lastKnownFileType = sourcecode.swift; path = EventCell.swift; sourceTree = "<group>"; };
		607A65BC1C75867400D1B754 /* Requests.swift */ = {isa = PBXFileReference; fileEncoding = 4; lastKnownFileType = sourcecode.swift; path = Requests.swift; sourceTree = "<group>"; };
		607A65BE1C75880A00D1B754 /* Logging.swift */ = {isa = PBXFileReference; fileEncoding = 4; lastKnownFileType = sourcecode.swift; path = Logging.swift; sourceTree = "<group>"; };
		607A65C01C7596C400D1B754 /* Endpoints.swift */ = {isa = PBXFileReference; fileEncoding = 4; lastKnownFileType = sourcecode.swift; path = Endpoints.swift; sourceTree = "<group>"; };
		607A65C31C75A94200D1B754 /* Event.swift */ = {isa = PBXFileReference; fileEncoding = 4; lastKnownFileType = sourcecode.swift; path = Event.swift; sourceTree = "<group>"; };
		607A65C51C75BFA700D1B754 /* EventViewController.swift */ = {isa = PBXFileReference; fileEncoding = 4; lastKnownFileType = sourcecode.swift; path = EventViewController.swift; sourceTree = "<group>"; };
		607A65C71C78180700D1B754 /* Error.swift */ = {isa = PBXFileReference; fileEncoding = 4; lastKnownFileType = sourcecode.swift; path = Error.swift; sourceTree = "<group>"; };
		607A65C91C781C0F00D1B754 /* Colors.swift */ = {isa = PBXFileReference; fileEncoding = 4; lastKnownFileType = sourcecode.swift; path = Colors.swift; sourceTree = "<group>"; };
		607A65CB1C783C9800D1B754 /* Politician.swift */ = {isa = PBXFileReference; fileEncoding = 4; lastKnownFileType = sourcecode.swift; path = Politician.swift; sourceTree = "<group>"; };
		607A65CD1C78403600D1B754 /* NSDate+Extensions.swift */ = {isa = PBXFileReference; fileEncoding = 4; lastKnownFileType = sourcecode.swift; path = "NSDate+Extensions.swift"; sourceTree = "<group>"; };
		607A65D91C7D66FB00D1B754 /* Tally-Bridging-Header.h */ = {isa = PBXFileReference; lastKnownFileType = sourcecode.c.h; path = "Tally-Bridging-Header.h"; sourceTree = "<group>"; };
		607A65DA1C7D6F5100D1B754 /* MarkdownParser.swift */ = {isa = PBXFileReference; fileEncoding = 4; lastKnownFileType = sourcecode.swift; path = MarkdownParser.swift; sourceTree = "<group>"; };
/* End PBXFileReference section */

/* Begin PBXFrameworksBuildPhase section */
		607A659A1C7577EF00D1B754 /* Frameworks */ = {
			isa = PBXFrameworksBuildPhase;
			buildActionMask = 2147483647;
			files = (
				790E0482251E502E99200BD3 /* Pods_Tally.framework in Frameworks */,
			);
			runOnlyForDeploymentPostprocessing = 0;
		};
/* End PBXFrameworksBuildPhase section */

/* Begin PBXGroup section */
		607A65941C7577EF00D1B754 = {
			isa = PBXGroup;
			children = (
				607A659F1C7577EF00D1B754 /* Tally */,
				607A659E1C7577EF00D1B754 /* Products */,
				CC176C43C36EEDDCD34D051D /* Pods */,
				7C11915F995C3AA1E75DB896 /* Frameworks */,
			);
			sourceTree = "<group>";
		};
		607A659E1C7577EF00D1B754 /* Products */ = {
			isa = PBXGroup;
			children = (
				607A659D1C7577EF00D1B754 /* Tally.app */,
			);
			name = Products;
			sourceTree = "<group>";
		};
		607A659F1C7577EF00D1B754 /* Tally */ = {
			isa = PBXGroup;
			children = (
				607A65C21C75A8C100D1B754 /* Models */,
				607A65B41C757F5900D1B754 /* Scenes */,
				607A65BB1C75865700D1B754 /* Utils */,
				607A65A01C7577EF00D1B754 /* AppDelegate.swift */,
				607A65C01C7596C400D1B754 /* Endpoints.swift */,
				607A65D91C7D66FB00D1B754 /* Tally-Bridging-Header.h */,
				607A65A71C7577EF00D1B754 /* Assets.xcassets */,
				607A65AC1C7577EF00D1B754 /* Info.plist */,
			);
			path = Tally;
			sourceTree = "<group>";
		};
		607A65B41C757F5900D1B754 /* Scenes */ = {
			isa = PBXGroup;
			children = (
				607A65B91C75824300D1B754 /* EventCell.swift */,
				607A65B71C7580B000D1B754 /* EventsViewController.swift */,
				607A65C51C75BFA700D1B754 /* EventViewController.swift */,
				607A65A91C7577EF00D1B754 /* LaunchScreen.storyboard */,
				607A65A41C7577EF00D1B754 /* Main.storyboard */,
				607A65B51C757FC200D1B754 /* MainViewController.swift */,
				607A65B21C757F5000D1B754 /* NavigationController.swift */,
			);
			name = Scenes;
			sourceTree = "<group>";
		};
		607A65BB1C75865700D1B754 /* Utils */ = {
			isa = PBXGroup;
			children = (
				607A65C91C781C0F00D1B754 /* Colors.swift */,
				607A65C71C78180700D1B754 /* Error.swift */,
				607A65BE1C75880A00D1B754 /* Logging.swift */,
				607A65DA1C7D6F5100D1B754 /* MarkdownParser.swift */,
				607A65CD1C78403600D1B754 /* NSDate+Extensions.swift */,
				607A65BC1C75867400D1B754 /* Requests.swift */,
			);
			name = Utils;
			sourceTree = "<group>";
		};
		607A65C21C75A8C100D1B754 /* Models */ = {
			isa = PBXGroup;
			children = (
				607A65C31C75A94200D1B754 /* Event.swift */,
				607A65CB1C783C9800D1B754 /* Politician.swift */,
			);
			name = Models;
			sourceTree = "<group>";
		};
		7C11915F995C3AA1E75DB896 /* Frameworks */ = {
			isa = PBXGroup;
			children = (
				50ACE4E9031FC990560B24EE /* Pods_Tally.framework */,
			);
			name = Frameworks;
			sourceTree = "<group>";
		};
		CC176C43C36EEDDCD34D051D /* Pods */ = {
			isa = PBXGroup;
			children = (
				538D1DE3D3CD52C12BF0BCA5 /* Pods-Tally.debug.xcconfig */,
				18A49E0FBD72629063FB3632 /* Pods-Tally.release.xcconfig */,
			);
			name = Pods;
			sourceTree = "<group>";
		};
/* End PBXGroup section */

/* Begin PBXNativeTarget section */
		607A659C1C7577EF00D1B754 /* Tally */ = {
			isa = PBXNativeTarget;
			buildConfigurationList = 607A65AF1C7577EF00D1B754 /* Build configuration list for PBXNativeTarget "Tally" */;
			buildPhases = (
				1A146D37F7206A724BD0D98C /* Check Pods Manifest.lock */,
				607A65991C7577EF00D1B754 /* Sources */,
				607A659A1C7577EF00D1B754 /* Frameworks */,
				607A659B1C7577EF00D1B754 /* Resources */,
				A7E46A057F455ADB81E4AC73 /* Embed Pods Frameworks */,
				B653A26AE67E529C705FE6EB /* Copy Pods Resources */,
			);
			buildRules = (
			);
			dependencies = (
			);
			name = Tally;
			productName = Tally;
			productReference = 607A659D1C7577EF00D1B754 /* Tally.app */;
			productType = "com.apple.product-type.application";
		};
/* End PBXNativeTarget section */

/* Begin PBXProject section */
		607A65951C7577EF00D1B754 /* Project object */ = {
			isa = PBXProject;
			attributes = {
				LastSwiftUpdateCheck = 0720;
				LastUpgradeCheck = 0720;
				ORGANIZATIONNAME = Tally;
				TargetAttributes = {
					607A659C1C7577EF00D1B754 = {
						CreatedOnToolsVersion = 7.2.1;
					};
				};
			};
			buildConfigurationList = 607A65981C7577EF00D1B754 /* Build configuration list for PBXProject "Tally" */;
			compatibilityVersion = "Xcode 3.2";
			developmentRegion = English;
			hasScannedForEncodings = 0;
			knownRegions = (
				en,
				Base,
			);
			mainGroup = 607A65941C7577EF00D1B754;
			productRefGroup = 607A659E1C7577EF00D1B754 /* Products */;
			projectDirPath = "";
			projectRoot = "";
			targets = (
				607A659C1C7577EF00D1B754 /* Tally */,
			);
		};
/* End PBXProject section */

/* Begin PBXResourcesBuildPhase section */
		607A659B1C7577EF00D1B754 /* Resources */ = {
			isa = PBXResourcesBuildPhase;
			buildActionMask = 2147483647;
			files = (
				607A65AB1C7577EF00D1B754 /* LaunchScreen.storyboard in Resources */,
				607A65A81C7577EF00D1B754 /* Assets.xcassets in Resources */,
				607A65A61C7577EF00D1B754 /* Main.storyboard in Resources */,
			);
			runOnlyForDeploymentPostprocessing = 0;
		};
/* End PBXResourcesBuildPhase section */

/* Begin PBXShellScriptBuildPhase section */
		1A146D37F7206A724BD0D98C /* Check Pods Manifest.lock */ = {
			isa = PBXShellScriptBuildPhase;
			buildActionMask = 2147483647;
			files = (
			);
			inputPaths = (
			);
			name = "Check Pods Manifest.lock";
			outputPaths = (
			);
			runOnlyForDeploymentPostprocessing = 0;
			shellPath = /bin/sh;
			shellScript = "diff \"${PODS_ROOT}/../Podfile.lock\" \"${PODS_ROOT}/Manifest.lock\" > /dev/null\nif [[ $? != 0 ]] ; then\n    cat << EOM\nerror: The sandbox is not in sync with the Podfile.lock. Run 'pod install' or update your CocoaPods installation.\nEOM\n    exit 1\nfi\n";
			showEnvVarsInLog = 0;
		};
		A7E46A057F455ADB81E4AC73 /* Embed Pods Frameworks */ = {
			isa = PBXShellScriptBuildPhase;
			buildActionMask = 2147483647;
			files = (
			);
			inputPaths = (
			);
			name = "Embed Pods Frameworks";
			outputPaths = (
			);
			runOnlyForDeploymentPostprocessing = 0;
			shellPath = /bin/sh;
			shellScript = "\"${SRCROOT}/Pods/Target Support Files/Pods-Tally/Pods-Tally-frameworks.sh\"\n";
			showEnvVarsInLog = 0;
		};
		B653A26AE67E529C705FE6EB /* Copy Pods Resources */ = {
			isa = PBXShellScriptBuildPhase;
			buildActionMask = 2147483647;
			files = (
			);
			inputPaths = (
			);
			name = "Copy Pods Resources";
			outputPaths = (
			);
			runOnlyForDeploymentPostprocessing = 0;
			shellPath = /bin/sh;
			shellScript = "\"${SRCROOT}/Pods/Target Support Files/Pods-Tally/Pods-Tally-resources.sh\"\n";
			showEnvVarsInLog = 0;
		};
/* End PBXShellScriptBuildPhase section */

/* Begin PBXSourcesBuildPhase section */
		607A65991C7577EF00D1B754 /* Sources */ = {
			isa = PBXSourcesBuildPhase;
			buildActionMask = 2147483647;
			files = (
				607A65C61C75BFA700D1B754 /* EventViewController.swift in Sources */,
				607A65CA1C781C0F00D1B754 /* Colors.swift in Sources */,
				607A65B61C757FC200D1B754 /* MainViewController.swift in Sources */,
				607A65A11C7577EF00D1B754 /* AppDelegate.swift in Sources */,
				607A65C81C78180700D1B754 /* Error.swift in Sources */,
				607A65B31C757F5000D1B754 /* NavigationController.swift in Sources */,
				607A65CC1C783C9800D1B754 /* Politician.swift in Sources */,
				607A65BF1C75880A00D1B754 /* Logging.swift in Sources */,
				607A65BD1C75867400D1B754 /* Requests.swift in Sources */,
				607A65B81C7580B000D1B754 /* EventsViewController.swift in Sources */,
				607A65CE1C78403600D1B754 /* NSDate+Extensions.swift in Sources */,
				607A65C11C7596C400D1B754 /* Endpoints.swift in Sources */,
				607A65BA1C75824300D1B754 /* EventCell.swift in Sources */,
				607A65C41C75A94200D1B754 /* Event.swift in Sources */,
				607A65DB1C7D6F5100D1B754 /* MarkdownParser.swift in Sources */,
			);
			runOnlyForDeploymentPostprocessing = 0;
		};
/* End PBXSourcesBuildPhase section */

/* Begin PBXVariantGroup section */
		607A65A41C7577EF00D1B754 /* Main.storyboard */ = {
			isa = PBXVariantGroup;
			children = (
				607A65A51C7577EF00D1B754 /* Base */,
			);
			name = Main.storyboard;
			sourceTree = "<group>";
		};
		607A65A91C7577EF00D1B754 /* LaunchScreen.storyboard */ = {
			isa = PBXVariantGroup;
			children = (
				607A65AA1C7577EF00D1B754 /* Base */,
			);
			name = LaunchScreen.storyboard;
			sourceTree = "<group>";
		};
/* End PBXVariantGroup section */

/* Begin XCBuildConfiguration section */
		607A65AD1C7577EF00D1B754 /* Debug */ = {
			isa = XCBuildConfiguration;
			buildSettings = {
				ALWAYS_SEARCH_USER_PATHS = NO;
				CLANG_CXX_LANGUAGE_STANDARD = "gnu++0x";
				CLANG_CXX_LIBRARY = "libc++";
				CLANG_ENABLE_MODULES = YES;
				CLANG_ENABLE_OBJC_ARC = YES;
				CLANG_WARN_BOOL_CONVERSION = YES;
				CLANG_WARN_CONSTANT_CONVERSION = YES;
				CLANG_WARN_DIRECT_OBJC_ISA_USAGE = YES_ERROR;
				CLANG_WARN_EMPTY_BODY = YES;
				CLANG_WARN_ENUM_CONVERSION = YES;
				CLANG_WARN_INT_CONVERSION = YES;
				CLANG_WARN_OBJC_ROOT_CLASS = YES_ERROR;
				CLANG_WARN_UNREACHABLE_CODE = YES;
				CLANG_WARN__DUPLICATE_METHOD_MATCH = YES;
				"CODE_SIGN_IDENTITY[sdk=iphoneos*]" = "iPhone Developer";
				COPY_PHASE_STRIP = NO;
				DEBUG_INFORMATION_FORMAT = dwarf;
				ENABLE_STRICT_OBJC_MSGSEND = YES;
				ENABLE_TESTABILITY = YES;
				GCC_C_LANGUAGE_STANDARD = gnu99;
				GCC_DYNAMIC_NO_PIC = NO;
				GCC_NO_COMMON_BLOCKS = YES;
				GCC_OPTIMIZATION_LEVEL = 0;
				GCC_PREPROCESSOR_DEFINITIONS = (
					"DEBUG=1",
					"$(inherited)",
				);
				GCC_WARN_64_TO_32_BIT_CONVERSION = YES;
				GCC_WARN_ABOUT_RETURN_TYPE = YES_ERROR;
				GCC_WARN_UNDECLARED_SELECTOR = YES;
				GCC_WARN_UNINITIALIZED_AUTOS = YES_AGGRESSIVE;
				GCC_WARN_UNUSED_FUNCTION = YES;
				GCC_WARN_UNUSED_VARIABLE = YES;
				IPHONEOS_DEPLOYMENT_TARGET = 9.2;
				MTL_ENABLE_DEBUG_INFO = YES;
				ONLY_ACTIVE_ARCH = YES;
				SDKROOT = iphoneos;
				SWIFT_OPTIMIZATION_LEVEL = "-Onone";
				TARGETED_DEVICE_FAMILY = "1,2";
			};
			name = Debug;
		};
		607A65AE1C7577EF00D1B754 /* Release */ = {
			isa = XCBuildConfiguration;
			buildSettings = {
				ALWAYS_SEARCH_USER_PATHS = NO;
				CLANG_CXX_LANGUAGE_STANDARD = "gnu++0x";
				CLANG_CXX_LIBRARY = "libc++";
				CLANG_ENABLE_MODULES = YES;
				CLANG_ENABLE_OBJC_ARC = YES;
				CLANG_WARN_BOOL_CONVERSION = YES;
				CLANG_WARN_CONSTANT_CONVERSION = YES;
				CLANG_WARN_DIRECT_OBJC_ISA_USAGE = YES_ERROR;
				CLANG_WARN_EMPTY_BODY = YES;
				CLANG_WARN_ENUM_CONVERSION = YES;
				CLANG_WARN_INT_CONVERSION = YES;
				CLANG_WARN_OBJC_ROOT_CLASS = YES_ERROR;
				CLANG_WARN_UNREACHABLE_CODE = YES;
				CLANG_WARN__DUPLICATE_METHOD_MATCH = YES;
				"CODE_SIGN_IDENTITY[sdk=iphoneos*]" = "iPhone Developer";
				COPY_PHASE_STRIP = NO;
				DEBUG_INFORMATION_FORMAT = "dwarf-with-dsym";
				ENABLE_NS_ASSERTIONS = NO;
				ENABLE_STRICT_OBJC_MSGSEND = YES;
				GCC_C_LANGUAGE_STANDARD = gnu99;
				GCC_NO_COMMON_BLOCKS = YES;
				GCC_WARN_64_TO_32_BIT_CONVERSION = YES;
				GCC_WARN_ABOUT_RETURN_TYPE = YES_ERROR;
				GCC_WARN_UNDECLARED_SELECTOR = YES;
				GCC_WARN_UNINITIALIZED_AUTOS = YES_AGGRESSIVE;
				GCC_WARN_UNUSED_FUNCTION = YES;
				GCC_WARN_UNUSED_VARIABLE = YES;
				IPHONEOS_DEPLOYMENT_TARGET = 9.2;
				MTL_ENABLE_DEBUG_INFO = NO;
				SDKROOT = iphoneos;
				TARGETED_DEVICE_FAMILY = "1,2";
				VALIDATE_PRODUCT = YES;
			};
			name = Release;
		};
		607A65B01C7577EF00D1B754 /* Debug */ = {
			isa = XCBuildConfiguration;
			baseConfigurationReference = 538D1DE3D3CD52C12BF0BCA5 /* Pods-Tally.debug.xcconfig */;
			buildSettings = {
				ASSETCATALOG_COMPILER_APPICON_NAME = AppIcon;
				CODE_SIGN_IDENTITY = "iPhone Developer";
				INFOPLIST_FILE = Tally/Info.plist;
				IPHONEOS_DEPLOYMENT_TARGET = 9.0;
				LD_RUNPATH_SEARCH_PATHS = "$(inherited) @executable_path/Frameworks";
				"OTHER_SWIFT_FLAGS[arch=*]" = "-D DEBUG";
				PRODUCT_BUNDLE_IDENTIFIER = us.tally.ios;
				PRODUCT_NAME = "$(TARGET_NAME)";
				SWIFT_OBJC_BRIDGING_HEADER = "Tally/Tally-Bridging-Header.h";
				TARGETED_DEVICE_FAMILY = 1;
			};
			name = Debug;
		};
		607A65B11C7577EF00D1B754 /* Release */ = {
			isa = XCBuildConfiguration;
			baseConfigurationReference = 18A49E0FBD72629063FB3632 /* Pods-Tally.release.xcconfig */;
			buildSettings = {
				ASSETCATALOG_COMPILER_APPICON_NAME = AppIcon;
				CODE_SIGN_IDENTITY = "iPhone Developer";
				INFOPLIST_FILE = Tally/Info.plist;
				IPHONEOS_DEPLOYMENT_TARGET = 9.0;
				LD_RUNPATH_SEARCH_PATHS = "$(inherited) @executable_path/Frameworks";
				PRODUCT_BUNDLE_IDENTIFIER = us.tally.ios;
				PRODUCT_NAME = "$(TARGET_NAME)";
				SWIFT_OBJC_BRIDGING_HEADER = "Tally/Tally-Bridging-Header.h";
				TARGETED_DEVICE_FAMILY = 1;
			};
			name = Release;
		};
/* End XCBuildConfiguration section */

/* Begin XCConfigurationList section */
		607A65981C7577EF00D1B754 /* Build configuration list for PBXProject "Tally" */ = {
			isa = XCConfigurationList;
			buildConfigurations = (
				607A65AD1C7577EF00D1B754 /* Debug */,
				607A65AE1C7577EF00D1B754 /* Release */,
			);
			defaultConfigurationIsVisible = 0;
			defaultConfigurationName = Release;
		};
		607A65AF1C7577EF00D1B754 /* Build configuration list for PBXNativeTarget "Tally" */ = {
			isa = XCConfigurationList;
			buildConfigurations = (
				607A65B01C7577EF00D1B754 /* Debug */,
				607A65B11C7577EF00D1B754 /* Release */,
			);
			defaultConfigurationIsVisible = 0;
			defaultConfigurationName = Release;
		};
/* End XCConfigurationList section */
	};
	rootObject = 607A65951C7577EF00D1B754 /* Project object */;
}
